
Microsoft Visual Studio Solution File, Format Version 12.00
# Visual Studio Version 16
VisualStudioVersion = 16.0.30804.86
MinimumVisualStudioVersion = 10.0.40219.1
Project("{FAE04EC0-301F-11D3-BF4B-00C04F79EFBC}") = "SampleSchool", "SampleSchool\SampleSchool.csproj", "{1045DD1B-8C50-4934-9FF3-DACDD9563A25}"
EndProject
Project("{FAE04EC0-301F-11D3-BF4B-00C04F79EFBC}") = "SampleSchool.Data", "SampleSchool.Data\SampleSchool.Data.csproj", "{9727B255-CBE8-4813-9EFC-24CFB2414A42}"
EndProject
Project("{FAE04EC0-301F-11D3-BF4B-00C04F79EFBC}") = "Sampleschool.Model", "Sampleschool.Model\Sampleschool.Model.csproj", "{E9469FC7-2B33-458F-8F0E-90380FD1C832}"
EndProject
Global
	GlobalSection(SolutionConfigurationPlatforms) = preSolution
		Debug|Any CPU = Debug|Any CPU
		Release|Any CPU = Release|Any CPU
	EndGlobalSection
	GlobalSection(ProjectConfigurationPlatforms) = postSolution
		{1045DD1B-8C50-4934-9FF3-DACDD9563A25}.Debug|Any CPU.ActiveCfg = Debug|Any CPU
		{1045DD1B-8C50-4934-9FF3-DACDD9563A25}.Debug|Any CPU.Build.0 = Debug|Any CPU
		{1045DD1B-8C50-4934-9FF3-DACDD9563A25}.Release|Any CPU.ActiveCfg = Release|Any CPU
		{1045DD1B-8C50-4934-9FF3-DACDD9563A25}.Release|Any CPU.Build.0 = Release|Any CPU
		{9727B255-CBE8-4813-9EFC-24CFB2414A42}.Debug|Any CPU.ActiveCfg = Debug|Any CPU
		{9727B255-CBE8-4813-9EFC-24CFB2414A42}.Debug|Any CPU.Build.0 = Debug|Any CPU
		{9727B255-CBE8-4813-9EFC-24CFB2414A42}.Release|Any CPU.ActiveCfg = Release|Any CPU
		{9727B255-CBE8-4813-9EFC-24CFB2414A42}.Release|Any CPU.Build.0 = Release|Any CPU
		{E9469FC7-2B33-458F-8F0E-90380FD1C832}.Debug|Any CPU.ActiveCfg = Debug|Any CPU
		{E9469FC7-2B33-458F-8F0E-90380FD1C832}.Debug|Any CPU.Build.0 = Debug|Any CPU
		{E9469FC7-2B33-458F-8F0E-90380FD1C832}.Release|Any CPU.ActiveCfg = Release|Any CPU
		{E9469FC7-2B33-458F-8F0E-90380FD1C832}.Release|Any CPU.Build.0 = Release|Any CPU
	EndGlobalSection
	GlobalSection(SolutionProperties) = preSolution
		HideSolutionNode = FALSE
	EndGlobalSection
	GlobalSection(ExtensibilityGlobals) = postSolution
		SolutionGuid = {81F5E1AF-6CA9-4FB8-A2E3-F30FC759F017}
	EndGlobalSection
EndGlobal
